
Microsoft Visual Studio Solution File, Format Version 12.00
# Visual Studio Version 16
VisualStudioVersion = 16.0.32929.386
MinimumVisualStudioVersion = 10.0.40219.1
Project("{FAE04EC0-301F-11D3-BF4B-00C04F79EFBC}") = "SupplyTest", "SupplyTest\SupplyTest.csproj", "{52333B33-8336-40C0-B049-3C6773DE4154}"
EndProject
Global
	GlobalSection(SolutionConfigurationPlatforms) = preSolution
		Debug|Any CPU = Debug|Any CPU
		Release|Any CPU = Release|Any CPU
	EndGlobalSection
	GlobalSection(ProjectConfigurationPlatforms) = postSolution
		{52333B33-8336-40C0-B049-3C6773DE4154}.Debug|Any CPU.ActiveCfg = Debug|Any CPU
		{52333B33-8336-40C0-B049-3C6773DE4154}.Debug|Any CPU.Build.0 = Debug|Any CPU
		{52333B33-8336-40C0-B049-3C6773DE4154}.Release|Any CPU.ActiveCfg = Release|Any CPU
		{52333B33-8336-40C0-B049-3C6773DE4154}.Release|Any CPU.Build.0 = Release|Any CPU
	EndGlobalSection
	GlobalSection(SolutionProperties) = preSolution
		HideSolutionNode = FALSE
	EndGlobalSection
	GlobalSection(ExtensibilityGlobals) = postSolution
		SolutionGuid = {C699F7EB-0EBD-4C21-9DD9-131D0B6D15F0}
	EndGlobalSection
EndGlobal
